// !$*UTF8*$!
{
	archiveVersion = 1;
	classes = {
	};
	objectVersion = 56;
	objects = {

/* Begin PBXBuildFile section */
		0526D7992F1762C300968CE2 /* Localizable.strings in Resources */ = {isa = PBXBuildFile; fileRef = DA4C01052FE1600000000000 /* Localizable.strings */; };
		0526D7B32F17656B00968CE2 /* Localizable.strings in Resources */ = {isa = PBXBuildFile; fileRef = DA4C01052FE1600000000000 /* Localizable.strings */; };
		0526D84A2F17D9AA00968CE2 /* libEasyTierShared.a in Frameworks */ = {isa = PBXBuildFile; fileRef = 0526D8422F17D98E00968CE2 /* libEasyTierShared.a */; };
		0526D84B2F17E55300968CE2 /* libEasyTierShared.a in Frameworks */ = {isa = PBXBuildFile; fileRef = 0526D8422F17D98E00968CE2 /* libEasyTierShared.a */; };
		054000102F30000000000000 /* ContentView.swift in Sources */ = {isa = PBXBuildFile; fileRef = 054000202F30000000000000 /* ContentView.swift */; };
		054000112F30000000000000 /* EasyTierApp.swift in Sources */ = {isa = PBXBuildFile; fileRef = 054000212F30000000000000 /* EasyTierApp.swift */; };
		054000122F30000000000000 /* Components/AdaptiveNavigation.swift in Sources */ = {isa = PBXBuildFile; fileRef = 054000222F30000000000000 /* Components/AdaptiveNavigation.swift */; };
		054000132F30000000000000 /* Components/IPv4Field.swift in Sources */ = {isa = PBXBuildFile; fileRef = 054000232F30000000000000 /* Components/IPv4Field.swift */; };
		054000142F30000000000000 /* Components/ListEditor.swift in Sources */ = {isa = PBXBuildFile; fileRef = 054000242F30000000000000 /* Components/ListEditor.swift */; };
		054000152F30000000000000 /* Components/ShareSheet.swift in Sources */ = {isa = PBXBuildFile; fileRef = 054000252F30000000000000 /* Components/ShareSheet.swift */; };
		054000162F30000000000000 /* Components/StatusSheet.swift in Sources */ = {isa = PBXBuildFile; fileRef = 054000262F30000000000000 /* Components/StatusSheet.swift */; };
		054000172F30000000000000 /* Components/TimelineLogPanel.swift in Sources */ = {isa = PBXBuildFile; fileRef = 054000272F30000000000000 /* Components/TimelineLogPanel.swift */; };
		054000182F30000000000000 /* Models/ConfigModels.swift in Sources */ = {isa = PBXBuildFile; fileRef = 054000282F30000000000000 /* Models/ConfigModels.swift */; };
		054000192F30000000000000 /* Models/ProfileModels.swift in Sources */ = {isa = PBXBuildFile; fileRef = 054000292F30000000000000 /* Models/ProfileModels.swift */; };
		0540001A2F30000000000000 /* Models/StatusModels.swift in Sources */ = {isa = PBXBuildFile; fileRef = 0540002A2F30000000000000 /* Models/StatusModels.swift */; };
		0540001B2F30000000000000 /* Utils/Compatibility.swift in Sources */ = {isa = PBXBuildFile; fileRef = 0540002B2F30000000000000 /* Utils/Compatibility.swift */; };
		0540001C2F30000000000000 /* Utils/DarwinNotificationObserver.swift in Sources */ = {isa = PBXBuildFile; fileRef = 0540002C2F30000000000000 /* Utils/DarwinNotificationObserver.swift */; };
		054000782F30000000000000 /* Utils/AppPaths.swift in Sources */ = {isa = PBXBuildFile; fileRef = 0540007A2F30000000000000 /* Utils/AppPaths.swift */; };
		0540007C2F30000000000000 /* Utils/DaemonDetector.swift in Sources */ = {isa = PBXBuildFile; fileRef = 0540007D2F30000000000000 /* Utils/DaemonDetector.swift */; };
		054000792F30000000000000 /* Utils/JailbreakIPCClient.swift in Sources */ = {isa = PBXBuildFile; fileRef = 0540007B2F30000000000000 /* Utils/JailbreakIPCClient.swift */; };
		0540001D2F30000000000000 /* Utils/LogTailer.swift in Sources */ = {isa = PBXBuildFile; fileRef = 0540002D2F30000000000000 /* Utils/LogTailer.swift */; };
		0540001E2F30000000000000 /* Utils/NetworkExtensionManager.swift in Sources */ = {isa = PBXBuildFile; fileRef = 0540002E2F30000000000000 /* Utils/NetworkExtensionManager.swift */; };
		0540001F2F30000000000000 /* Utils/ProfileStore.swift in Sources */ = {isa = PBXBuildFile; fileRef = 0540002F2F30000000000000 /* Utils/ProfileStore.swift */; };
		054000702F30000000000000 /* Utils/TunnelManager.swift in Sources */ = {isa = PBXBuildFile; fileRef = 054000742F30000000000000 /* Utils/TunnelManager.swift */; };
		054000712F30000000000000 /* Utils/EasyTierOptionsBuilder.swift in Sources */ = {isa = PBXBuildFile; fileRef = 054000752F30000000000000 /* Utils/EasyTierOptionsBuilder.swift */; };
		054000722F30000000000000 /* Utils/NetworkExtensionTunnelManagerAdapter.swift in Sources */ = {isa = PBXBuildFile; fileRef = 054000762F30000000000000 /* Utils/NetworkExtensionTunnelManagerAdapter.swift */; };
		054000732F30000000000000 /* Utils/JailbreakTunnelManager.swift in Sources */ = {isa = PBXBuildFile; fileRef = 054000772F30000000000000 /* Utils/JailbreakTunnelManager.swift */; };
		054000312F30000000000000 /* Utils/TextItem.swift in Sources */ = {isa = PBXBuildFile; fileRef = 054000412F30000000000000 /* Utils/TextItem.swift */; };
		054000322F30000000000000 /* Views/DashboardView.swift in Sources */ = {isa = PBXBuildFile; fileRef = 054000422F30000000000000 /* Views/DashboardView.swift */; };
		054000332F30000000000000 /* Views/LogView.swift in Sources */ = {isa = PBXBuildFile; fileRef = 054000432F30000000000000 /* Views/LogView.swift */; };
		054000342F30000000000000 /* Views/NetworkEditView.swift in Sources */ = {isa = PBXBuildFile; fileRef = 054000442F30000000000000 /* Views/NetworkEditView.swift */; };
		054000352F30000000000000 /* Views/SettingsView.swift in Sources */ = {isa = PBXBuildFile; fileRef = 054000452F30000000000000 /* Views/SettingsView.swift */; };
		054000362F30000000000000 /* Views/StatusView.swift in Sources */ = {isa = PBXBuildFile; fileRef = 054000462F30000000000000 /* Views/StatusView.swift */; };
		054000372F30000000000000 /* Assets.xcassets in Resources */ = {isa = PBXBuildFile; fileRef = 054000472F30000000000000 /* Assets.xcassets */; };
		054000382F30000000000000 /* EasyTierShared.swift in Sources */ = {isa = PBXBuildFile; fileRef = 054000482F30000000000000 /* EasyTierShared.swift */; };
		054000392F30000000000000 /* AddressHelper.swift in Sources */ = {isa = PBXBuildFile; fileRef = 054000492F30000000000000 /* AddressHelper.swift */; };
		0540003A2F30000000000000 /* BuilderHelper.swift in Sources */ = {isa = PBXBuildFile; fileRef = 0540004A2F30000000000000 /* BuilderHelper.swift */; };
		0540003B2F30000000000000 /* InfoModels.swift in Sources */ = {isa = PBXBuildFile; fileRef = 0540004B2F30000000000000 /* InfoModels.swift */; };
		0540003C2F30000000000000 /* OSLogExporter.swift in Sources */ = {isa = PBXBuildFile; fileRef = 0540004C2F30000000000000 /* OSLogExporter.swift */; };
		0540003D2F30000000000000 /* PacketTunnelProvider.swift in Sources */ = {isa = PBXBuildFile; fileRef = 0540004D2F30000000000000 /* PacketTunnelProvider.swift */; };
		0540003E2F30000000000000 /* TunnelHelper.swift in Sources */ = {isa = PBXBuildFile; fileRef = 0540004E2F30000000000000 /* TunnelHelper.swift */; };
		0540003F2F30000000000000 /* ControlWidget.swift in Sources */ = {isa = PBXBuildFile; fileRef = 0540004F2F30000000000000 /* ControlWidget.swift */; };
		054000502F30000000000000 /* Widget.swift in Sources */ = {isa = PBXBuildFile; fileRef = 054000602F30000000000000 /* Widget.swift */; };
		055836312F04D26700139811 /* NetworkExtension.framework in Frameworks */ = {isa = PBXBuildFile; fileRef = 055836302F04D26700139811 /* NetworkExtension.framework */; };
		059A7D6A2F9C966E001778FC /* SystemConfiguration.framework in Frameworks */ = {isa = PBXBuildFile; fileRef = 059A7D692F9C966E001778FC /* SystemConfiguration.framework */; };
		05B61F5C2F05056D00646DDC /* libeasytier_ios.a in Frameworks */ = {isa = PBXBuildFile; fileRef = 05B61F5B2F05056D00646DDC /* libeasytier_ios.a */; };
		05B6235C2F08098100646DDC /* TOMLKit in Frameworks */ = {isa = PBXBuildFile; productRef = 05B6235B2F08098100646DDC /* TOMLKit */; };
		05CF11DA2F1A589D00E6EDF1 /* libEasyTierShared.a in Frameworks */ = {isa = PBXBuildFile; fileRef = 0526D8422F17D98E00968CE2 /* libEasyTierShared.a */; };
		7A59B81B2F1641100069728D /* WidgetKit.framework in Frameworks */ = {isa = PBXBuildFile; fileRef = 7A59B81A2F1641100069728D /* WidgetKit.framework */; };
		7A59B81D2F1641100069728D /* SwiftUI.framework in Frameworks */ = {isa = PBXBuildFile; fileRef = 7A59B81C2F1641100069728D /* SwiftUI.framework */; };
/* End PBXBuildFile section */

/* Begin PBXContainerItemProxy section */
		0526D84C2F17E55300968CE2 /* PBXContainerItemProxy */ = {
			isa = PBXContainerItemProxy;
			containerPortal = 051C6A032F03AB0000AF29B1 /* Project object */;
			proxyType = 1;
			remoteGlobalIDString = 0526D8412F17D98E00968CE2;
			remoteInfo = EasyTierShared;
		};
		05CF11DB2F1A589D00E6EDF1 /* PBXContainerItemProxy */ = {
			isa = PBXContainerItemProxy;
			containerPortal = 051C6A032F03AB0000AF29B1 /* Project object */;
			proxyType = 1;
			remoteGlobalIDString = 0526D8412F17D98E00968CE2;
			remoteInfo = EasyTierShared;
		};
/* End PBXContainerItemProxy section */

/* Begin PBXCopyFilesBuildPhase section */
		0526D8402F17D98E00968CE2 /* CopyFiles */ = {
			isa = PBXCopyFilesBuildPhase;
			buildActionMask = 2147483647;
			dstPath = "include/$(PRODUCT_NAME)";
			dstSubfolderSpec = 16;
			files = (
			);
			runOnlyForDeploymentPostprocessing = 0;
		};
		0558363E2F04D26700139811 /* Embed Foundation Extensions */ = {
			isa = PBXCopyFilesBuildPhase;
			buildActionMask = 12;
			dstPath = "";
			dstSubfolderSpec = 13;
			files = (
			);
			name = "Embed Foundation Extensions";
			runOnlyForDeploymentPostprocessing = 0;
		};
/* End PBXCopyFilesBuildPhase section */

/* Begin PBXFileReference section */
		051C6A0B2F03AB0000AF29B1 /* EasyTier.app */ = {isa = PBXFileReference; explicitFileType = wrapper.application; includeInIndex = 0; path = EasyTier.app; sourceTree = BUILT_PRODUCTS_DIR; };
		0526D7822F1762C300968CE2 /* Localizable.xcstrings */ = {isa = PBXFileReference; lastKnownFileType = text.json.xcstrings; path = Localizable.xcstrings; sourceTree = "<group>"; };
		0526D8422F17D98E00968CE2 /* libEasyTierShared.a */ = {isa = PBXFileReference; explicitFileType = archive.ar; includeInIndex = 0; path = libEasyTierShared.a; sourceTree = BUILT_PRODUCTS_DIR; };
		DA4C01032FE1600000000000 /* en */ = {isa = PBXFileReference; lastKnownFileType = text.plist.strings; name = en; path = en.lproj/Localizable.strings; sourceTree = "<group>"; };
		DA4C01042FE1600000000000 /* zh-Hans */ = {isa = PBXFileReference; lastKnownFileType = text.plist.strings; name = "zh-Hans"; path = "zh-Hans.lproj/Localizable.strings"; sourceTree = "<group>"; };
		054000202F30000000000000 /* ContentView.swift */ = {isa = PBXFileReference; lastKnownFileType = sourcecode.swift; path = ContentView.swift; sourceTree = "<group>"; };
		054000212F30000000000000 /* EasyTierApp.swift */ = {isa = PBXFileReference; lastKnownFileType = sourcecode.swift; path = EasyTierApp.swift; sourceTree = "<group>"; };
		054000222F30000000000000 /* Components/AdaptiveNavigation.swift */ = {isa = PBXFileReference; lastKnownFileType = sourcecode.swift; path = Components/AdaptiveNavigation.swift; sourceTree = "<group>"; };
		054000232F30000000000000 /* Components/IPv4Field.swift */ = {isa = PBXFileReference; lastKnownFileType = sourcecode.swift; path = Components/IPv4Field.swift; sourceTree = "<group>"; };
		054000242F30000000000000 /* Components/ListEditor.swift */ = {isa = PBXFileReference; lastKnownFileType = sourcecode.swift; path = Components/ListEditor.swift; sourceTree = "<group>"; };
		054000252F30000000000000 /* Components/ShareSheet.swift */ = {isa = PBXFileReference; lastKnownFileType = sourcecode.swift; path = Components/ShareSheet.swift; sourceTree = "<group>"; };
		054000262F30000000000000 /* Components/StatusSheet.swift */ = {isa = PBXFileReference; lastKnownFileType = sourcecode.swift; path = Components/StatusSheet.swift; sourceTree = "<group>"; };
		054000272F30000000000000 /* Components/TimelineLogPanel.swift */ = {isa = PBXFileReference; lastKnownFileType = sourcecode.swift; path = Components/TimelineLogPanel.swift; sourceTree = "<group>"; };
		054000282F30000000000000 /* Models/ConfigModels.swift */ = {isa = PBXFileReference; lastKnownFileType = sourcecode.swift; path = Models/ConfigModels.swift; sourceTree = "<group>"; };
		054000292F30000000000000 /* Models/ProfileModels.swift */ = {isa = PBXFileReference; lastKnownFileType = sourcecode.swift; path = Models/ProfileModels.swift; sourceTree = "<group>"; };
		0540002A2F30000000000000 /* Models/StatusModels.swift */ = {isa = PBXFileReference; lastKnownFileType = sourcecode.swift; path = Models/StatusModels.swift; sourceTree = "<group>"; };
		0540002B2F30000000000000 /* Utils/Compatibility.swift */ = {isa = PBXFileReference; lastKnownFileType = sourcecode.swift; path = Utils/Compatibility.swift; sourceTree = "<group>"; };
		0540002C2F30000000000000 /* Utils/DarwinNotificationObserver.swift */ = {isa = PBXFileReference; lastKnownFileType = sourcecode.swift; path = Utils/DarwinNotificationObserver.swift; sourceTree = "<group>"; };
		0540002D2F30000000000000 /* Utils/LogTailer.swift */ = {isa = PBXFileReference; lastKnownFileType = sourcecode.swift; path = Utils/LogTailer.swift; sourceTree = "<group>"; };
		0540002E2F30000000000000 /* Utils/NetworkExtensionManager.swift */ = {isa = PBXFileReference; lastKnownFileType = sourcecode.swift; path = Utils/NetworkExtensionManager.swift; sourceTree = "<group>"; };
		0540002F2F30000000000000 /* Utils/ProfileStore.swift */ = {isa = PBXFileReference; lastKnownFileType = sourcecode.swift; path = Utils/ProfileStore.swift; sourceTree = "<group>"; };
		054000402F30000000000000 /* Utils/Shortcuts.swift */ = {isa = PBXFileReference; lastKnownFileType = sourcecode.swift; path = Utils/Shortcuts.swift; sourceTree = "<group>"; };
		054000412F30000000000000 /* Utils/TextItem.swift */ = {isa = PBXFileReference; lastKnownFileType = sourcecode.swift; path = Utils/TextItem.swift; sourceTree = "<group>"; };
		0540007A2F30000000000000 /* Utils/AppPaths.swift */ = {isa = PBXFileReference; lastKnownFileType = sourcecode.swift; path = Utils/AppPaths.swift; sourceTree = "<group>"; };
		0540007D2F30000000000000 /* Utils/DaemonDetector.swift */ = {isa = PBXFileReference; lastKnownFileType = sourcecode.swift; path = Utils/DaemonDetector.swift; sourceTree = "<group>"; };
		0540007B2F30000000000000 /* Utils/JailbreakIPCClient.swift */ = {isa = PBXFileReference; lastKnownFileType = sourcecode.swift; path = Utils/JailbreakIPCClient.swift; sourceTree = "<group>"; };
		054000742F30000000000000 /* Utils/TunnelManager.swift */ = {isa = PBXFileReference; lastKnownFileType = sourcecode.swift; path = Utils/TunnelManager.swift; sourceTree = "<group>"; };
		054000752F30000000000000 /* Utils/EasyTierOptionsBuilder.swift */ = {isa = PBXFileReference; lastKnownFileType = sourcecode.swift; path = Utils/EasyTierOptionsBuilder.swift; sourceTree = "<group>"; };
		054000762F30000000000000 /* Utils/NetworkExtensionTunnelManagerAdapter.swift */ = {isa = PBXFileReference; lastKnownFileType = sourcecode.swift; path = Utils/NetworkExtensionTunnelManagerAdapter.swift; sourceTree = "<group>"; };
		054000772F30000000000000 /* Utils/JailbreakTunnelManager.swift */ = {isa = PBXFileReference; lastKnownFileType = sourcecode.swift; path = Utils/JailbreakTunnelManager.swift; sourceTree = "<group>"; };
		054000422F30000000000000 /* Views/DashboardView.swift */ = {isa = PBXFileReference; lastKnownFileType = sourcecode.swift; path = Views/DashboardView.swift; sourceTree = "<group>"; };
		054000432F30000000000000 /* Views/LogView.swift */ = {isa = PBXFileReference; lastKnownFileType = sourcecode.swift; path = Views/LogView.swift; sourceTree = "<group>"; };
		054000442F30000000000000 /* Views/NetworkEditView.swift */ = {isa = PBXFileReference; lastKnownFileType = sourcecode.swift; path = Views/NetworkEditView.swift; sourceTree = "<group>"; };
		054000452F30000000000000 /* Views/SettingsView.swift */ = {isa = PBXFileReference; lastKnownFileType = sourcecode.swift; path = Views/SettingsView.swift; sourceTree = "<group>"; };
		054000462F30000000000000 /* Views/StatusView.swift */ = {isa = PBXFileReference; lastKnownFileType = sourcecode.swift; path = Views/StatusView.swift; sourceTree = "<group>"; };
		054000472F30000000000000 /* Assets.xcassets */ = {isa = PBXFileReference; lastKnownFileType = folder.assetcatalog; path = Assets.xcassets; sourceTree = "<group>"; };
		054000482F30000000000000 /* EasyTierShared.swift */ = {isa = PBXFileReference; lastKnownFileType = sourcecode.swift; path = EasyTierShared.swift; sourceTree = "<group>"; };
		054000492F30000000000000 /* AddressHelper.swift */ = {isa = PBXFileReference; lastKnownFileType = sourcecode.swift; path = AddressHelper.swift; sourceTree = "<group>"; };
		0540004A2F30000000000000 /* BuilderHelper.swift */ = {isa = PBXFileReference; lastKnownFileType = sourcecode.swift; path = BuilderHelper.swift; sourceTree = "<group>"; };
		0540004B2F30000000000000 /* InfoModels.swift */ = {isa = PBXFileReference; lastKnownFileType = sourcecode.swift; path = InfoModels.swift; sourceTree = "<group>"; };
		0540004C2F30000000000000 /* OSLogExporter.swift */ = {isa = PBXFileReference; lastKnownFileType = sourcecode.swift; path = OSLogExporter.swift; sourceTree = "<group>"; };
		0540004D2F30000000000000 /* PacketTunnelProvider.swift */ = {isa = PBXFileReference; lastKnownFileType = sourcecode.swift; path = PacketTunnelProvider.swift; sourceTree = "<group>"; };
		0540004E2F30000000000000 /* TunnelHelper.swift */ = {isa = PBXFileReference; lastKnownFileType = sourcecode.swift; path = TunnelHelper.swift; sourceTree = "<group>"; };
		0540004F2F30000000000000 /* ControlWidget.swift */ = {isa = PBXFileReference; lastKnownFileType = sourcecode.swift; path = ControlWidget.swift; sourceTree = "<group>"; };
		054000602F30000000000000 /* Widget.swift */ = {isa = PBXFileReference; lastKnownFileType = sourcecode.swift; path = Widget.swift; sourceTree = "<group>"; };
		054000612F30000000000000 /* EasyTierNetworkExtension-Bridging-Header.h */ = {isa = PBXFileReference; lastKnownFileType = sourcecode.c.h; path = "EasyTierNetworkExtension-Bridging-Header.h"; sourceTree = "<group>"; };
		054000622F30000000000000 /* easytier_ios.h */ = {isa = PBXFileReference; lastKnownFileType = sourcecode.c.h; path = easytier_ios.h; sourceTree = "<group>"; };
		054000632F30000000000000 /* kern_control.h */ = {isa = PBXFileReference; lastKnownFileType = sourcecode.c.h; path = kern_control.h; sourceTree = "<group>"; };
		0558362E2F04D26600139811 /* EasyTierNetworkExtension.appex */ = {isa = PBXFileReference; explicitFileType = "wrapper.app-extension"; includeInIndex = 0; path = EasyTierNetworkExtension.appex; sourceTree = BUILT_PRODUCTS_DIR; };
		055836302F04D26700139811 /* NetworkExtension.framework */ = {isa = PBXFileReference; lastKnownFileType = wrapper.framework; name = NetworkExtension.framework; path = System/Library/Frameworks/NetworkExtension.framework; sourceTree = SDKROOT; };
		058E57A42F20AFD800BE84F9 /* lib.rs */ = {isa = PBXFileReference; lastKnownFileType = text; path = lib.rs; sourceTree = "<group>"; };
		058EB1C12F20AFD800BE84F9 /* Cargo.toml */ = {isa = PBXFileReference; lastKnownFileType = text; path = Cargo.toml; sourceTree = "<group>"; };
		059A7D692F9C966E001778FC /* SystemConfiguration.framework */ = {isa = PBXFileReference; lastKnownFileType = wrapper.framework; name = SystemConfiguration.framework; path = System/Library/Frameworks/SystemConfiguration.framework; sourceTree = SDKROOT; };
		05B61F5B2F05056D00646DDC /* libeasytier_ios.a */ = {isa = PBXFileReference; lastKnownFileType = archive.ar; path = libeasytier_ios.a; sourceTree = "<group>"; };
		7A59B8192F1641100069728D /* EasyTierWidgetExtension.appex */ = {isa = PBXFileReference; explicitFileType = "wrapper.app-extension"; includeInIndex = 0; path = EasyTierWidgetExtension.appex; sourceTree = BUILT_PRODUCTS_DIR; };
		7A59B81A2F1641100069728D /* WidgetKit.framework */ = {isa = PBXFileReference; lastKnownFileType = wrapper.framework; name = WidgetKit.framework; path = System/Library/Frameworks/WidgetKit.framework; sourceTree = SDKROOT; };
		7A59B81C2F1641100069728D /* SwiftUI.framework */ = {isa = PBXFileReference; lastKnownFileType = wrapper.framework; name = SwiftUI.framework; path = System/Library/Frameworks/SwiftUI.framework; sourceTree = SDKROOT; };
		DA3C0D292FE0526B00108DFB /* EasyTierRelease.entitlements */ = {isa = PBXFileReference; lastKnownFileType = text.plist.entitlements; path = EasyTierRelease.entitlements; sourceTree = "<group>"; };
		DA3C0D2A2FE0529C00108DFB /* EasyTierNetworkExtensionRelease.entitlements */ = {isa = PBXFileReference; lastKnownFileType = text.plist.entitlements; path = EasyTierNetworkExtensionRelease.entitlements; sourceTree = "<group>"; };
		DAC739A82FE056D600170CCB /* EasyTierWidgetExtensionRelease.entitlements */ = {isa = PBXFileReference; lastKnownFileType = text.plist.entitlements; path = EasyTierWidgetExtensionRelease.entitlements; sourceTree = "<group>"; };
/* End PBXFileReference section */

/* Begin PBXFrameworksBuildPhase section */
		051C6A082F03AB0000AF29B1 /* Frameworks */ = {
			isa = PBXFrameworksBuildPhase;
			buildActionMask = 2147483647;
			files = (
				0526D84A2F17D9AA00968CE2 /* libEasyTierShared.a in Frameworks */,
				05B6235C2F08098100646DDC /* TOMLKit in Frameworks */,
			);
			runOnlyForDeploymentPostprocessing = 0;
		};
		0526D83F2F17D98E00968CE2 /* Frameworks */ = {
			isa = PBXFrameworksBuildPhase;
			buildActionMask = 2147483647;
			files = (
			);
			runOnlyForDeploymentPostprocessing = 0;
		};
		0558362B2F04D26600139811 /* Frameworks */ = {
			isa = PBXFrameworksBuildPhase;
			buildActionMask = 2147483647;
			files = (
				05B61F5C2F05056D00646DDC /* libeasytier_ios.a in Frameworks */,
				0526D84B2F17E55300968CE2 /* libEasyTierShared.a in Frameworks */,
				055836312F04D26700139811 /* NetworkExtension.framework in Frameworks */,
				059A7D6A2F9C966E001778FC /* SystemConfiguration.framework in Frameworks */,
			);
			runOnlyForDeploymentPostprocessing = 0;
		};
		7A59B8162F1641100069728D /* Frameworks */ = {
			isa = PBXFrameworksBuildPhase;
			buildActionMask = 2147483647;
			files = (
				7A59B81D2F1641100069728D /* SwiftUI.framework in Frameworks */,
				05CF11DA2F1A589D00E6EDF1 /* libEasyTierShared.a in Frameworks */,
				7A59B81B2F1641100069728D /* WidgetKit.framework in Frameworks */,
			);
			runOnlyForDeploymentPostprocessing = 0;
		};
/* End PBXFrameworksBuildPhase section */

/* Begin PBXGroup section */
		051C6A022F03AB0000AF29B1 = {
			isa = PBXGroup;
			children = (
				058EB1C22F20AFD800BE84F9 /* Core */,
				051C6A0D2F03AB0000AF29B1 /* EasyTier */,
				055836322F04D26700139811 /* EasyTierNetworkExtension */,
				7A59B81E2F1641100069728D /* EasyTierWidgetExtension */,
				0526D8432F17D98E00968CE2 /* EasyTierShared */,
				0558362F2F04D26700139811 /* Frameworks */,
				DA4C01052FE1600000000000 /* Localizable.strings */,
				0526D7822F1762C300968CE2 /* Localizable.xcstrings */,
				051C6A0C2F03AB0000AF29B1 /* Products */,
			);
			sourceTree = "<group>";
		};
		051C6A0C2F03AB0000AF29B1 /* Products */ = {
			isa = PBXGroup;
			children = (
				051C6A0B2F03AB0000AF29B1 /* EasyTier.app */,
				0558362E2F04D26600139811 /* EasyTierNetworkExtension.appex */,
				7A59B8192F1641100069728D /* EasyTierWidgetExtension.appex */,
				0526D8422F17D98E00968CE2 /* libEasyTierShared.a */,
			);
			name = Products;
			sourceTree = "<group>";
		};
		051C6A0D2F03AB0000AF29B1 /* EasyTier */ = {
			isa = PBXGroup;
			children = (
				DA3C0D292FE0526B00108DFB /* EasyTierRelease.entitlements */,
				054000472F30000000000000 /* Assets.xcassets */,
				054000202F30000000000000 /* ContentView.swift */,
				054000212F30000000000000 /* EasyTierApp.swift */,
				054000222F30000000000000 /* Components/AdaptiveNavigation.swift */,
				054000232F30000000000000 /* Components/IPv4Field.swift */,
				054000242F30000000000000 /* Components/ListEditor.swift */,
				054000252F30000000000000 /* Components/ShareSheet.swift */,
				054000262F30000000000000 /* Components/StatusSheet.swift */,
				054000272F30000000000000 /* Components/TimelineLogPanel.swift */,
				054000282F30000000000000 /* Models/ConfigModels.swift */,
				054000292F30000000000000 /* Models/ProfileModels.swift */,
				0540002A2F30000000000000 /* Models/StatusModels.swift */,
				0540007A2F30000000000000 /* Utils/AppPaths.swift */,
				0540002B2F30000000000000 /* Utils/Compatibility.swift */,
				0540007D2F30000000000000 /* Utils/DaemonDetector.swift */,
				0540002C2F30000000000000 /* Utils/DarwinNotificationObserver.swift */,
				054000752F30000000000000 /* Utils/EasyTierOptionsBuilder.swift */,
				0540007B2F30000000000000 /* Utils/JailbreakIPCClient.swift */,
				054000772F30000000000000 /* Utils/JailbreakTunnelManager.swift */,
				0540002D2F30000000000000 /* Utils/LogTailer.swift */,
				0540002E2F30000000000000 /* Utils/NetworkExtensionManager.swift */,
				054000762F30000000000000 /* Utils/NetworkExtensionTunnelManagerAdapter.swift */,
				0540002F2F30000000000000 /* Utils/ProfileStore.swift */,
				054000402F30000000000000 /* Utils/Shortcuts.swift */,
				054000412F30000000000000 /* Utils/TextItem.swift */,
				054000742F30000000000000 /* Utils/TunnelManager.swift */,
				054000422F30000000000000 /* Views/DashboardView.swift */,
				054000432F30000000000000 /* Views/LogView.swift */,
				054000442F30000000000000 /* Views/NetworkEditView.swift */,
				054000452F30000000000000 /* Views/SettingsView.swift */,
				054000462F30000000000000 /* Views/StatusView.swift */,
			);
			path = EasyTier;
			sourceTree = "<group>";
		};
		0526D8432F17D98E00968CE2 /* EasyTierShared */ = {
			isa = PBXGroup;
			children = (
				054000482F30000000000000 /* EasyTierShared.swift */,
			);
			path = EasyTierShared;
			sourceTree = "<group>";
		};
		0558362F2F04D26700139811 /* Frameworks */ = {
			isa = PBXGroup;
			children = (
				059A7D692F9C966E001778FC /* SystemConfiguration.framework */,
				05B61F5B2F05056D00646DDC /* libeasytier_ios.a */,
				055836302F04D26700139811 /* NetworkExtension.framework */,
				7A59B81A2F1641100069728D /* WidgetKit.framework */,
				7A59B81C2F1641100069728D /* SwiftUI.framework */,
			);
			name = Frameworks;
			sourceTree = "<group>";
		};
		055836322F04D26700139811 /* EasyTierNetworkExtension */ = {
			isa = PBXGroup;
			children = (
				DA3C0D2A2FE0529C00108DFB /* EasyTierNetworkExtensionRelease.entitlements */,
				054000492F30000000000000 /* AddressHelper.swift */,
				0540004A2F30000000000000 /* BuilderHelper.swift */,
				054000612F30000000000000 /* EasyTierNetworkExtension-Bridging-Header.h */,
				0540004B2F30000000000000 /* InfoModels.swift */,
				0540004C2F30000000000000 /* OSLogExporter.swift */,
				0540004D2F30000000000000 /* PacketTunnelProvider.swift */,
				0540004E2F30000000000000 /* TunnelHelper.swift */,
				054000622F30000000000000 /* easytier_ios.h */,
				054000632F30000000000000 /* kern_control.h */,
			);
			path = EasyTierNetworkExtension;
			sourceTree = "<group>";
		};
		058E57A52F20AFD800BE84F9 /* src */ = {
			isa = PBXGroup;
			children = (
				058E57A42F20AFD800BE84F9 /* lib.rs */,
			);
			path = src;
			sourceTree = "<group>";
		};
		058EB1C22F20AFD800BE84F9 /* Core */ = {
			isa = PBXGroup;
			children = (
				058E57A52F20AFD800BE84F9 /* src */,
				058EB1C12F20AFD800BE84F9 /* Cargo.toml */,
			);
			path = Core;
			sourceTree = "<group>";
		};
		7A59B81E2F1641100069728D /* EasyTierWidgetExtension */ = {
			isa = PBXGroup;
			children = (
				DAC739A82FE056D600170CCB /* EasyTierWidgetExtensionRelease.entitlements */,
				0540004F2F30000000000000 /* ControlWidget.swift */,
				054000602F30000000000000 /* Widget.swift */,
			);
			path = EasyTierWidgetExtension;
			sourceTree = "<group>";
		};
/* End PBXGroup section */

/* Begin PBXNativeTarget section */
		051C6A0A2F03AB0000AF29B1 /* EasyTier */ = {
			isa = PBXNativeTarget;
			buildConfigurationList = 051C6A162F03AB0200AF29B1 /* Build configuration list for PBXNativeTarget "EasyTier" */;
			buildPhases = (
				051C6A072F03AB0000AF29B1 /* Sources */,
				051C6A082F03AB0000AF29B1 /* Frameworks */,
				051C6A092F03AB0000AF29B1 /* Resources */,
			);
			buildRules = (
			);
			dependencies = (
			);
			name = EasyTier;
			packageProductDependencies = (
				05B6235B2F08098100646DDC /* TOMLKit */,
			);
			productName = EasyTier;
			productReference = 051C6A0B2F03AB0000AF29B1 /* EasyTier.app */;
			productType = "com.apple.product-type.application";
		};
		0526D8412F17D98E00968CE2 /* EasyTierShared */ = {
			isa = PBXNativeTarget;
			buildConfigurationList = 0526D8462F17D98E00968CE2 /* Build configuration list for PBXNativeTarget "EasyTierShared" */;
			buildPhases = (
				0526D83E2F17D98E00968CE2 /* Sources */,
				0526D83F2F17D98E00968CE2 /* Frameworks */,
				0526D8402F17D98E00968CE2 /* CopyFiles */,
			);
			buildRules = (
			);
			dependencies = (
			);
			name = EasyTierShared;
			packageProductDependencies = (
			);
			productName = EasyTierShared;
			productReference = 0526D8422F17D98E00968CE2 /* libEasyTierShared.a */;
			productType = "com.apple.product-type.library.static";
		};
		0558362D2F04D26600139811 /* EasyTierNetworkExtension */ = {
			isa = PBXNativeTarget;
			buildConfigurationList = 0558363B2F04D26700139811 /* Build configuration list for PBXNativeTarget "EasyTierNetworkExtension" */;
			buildPhases = (
				05B61F3E2F04D57D00646DDC /* Build EasyTier Core */,
				0558362A2F04D26600139811 /* Sources */,
				0558362B2F04D26600139811 /* Frameworks */,
				0558362C2F04D26600139811 /* Resources */,
			);
			buildRules = (
			);
			dependencies = (
				0526D84D2F17E55300968CE2 /* PBXTargetDependency */,
			);
			name = EasyTierNetworkExtension;
			packageProductDependencies = (
			);
			productName = NetworkExtension;
			productReference = 0558362E2F04D26600139811 /* EasyTierNetworkExtension.appex */;
			productType = "com.apple.product-type.app-extension";
		};
		7A59B8182F1641100069728D /* EasyTierWidgetExtension */ = {
			isa = PBXNativeTarget;
			buildConfigurationList = 7A59B8312F1641110069728D /* Build configuration list for PBXNativeTarget "EasyTierWidgetExtension" */;
			buildPhases = (
				7A59B8152F1641100069728D /* Sources */,
				7A59B8162F1641100069728D /* Frameworks */,
				7A59B8172F1641100069728D /* Resources */,
			);
			buildRules = (
			);
			dependencies = (
				05CF11DC2F1A589D00E6EDF1 /* PBXTargetDependency */,
			);
			name = EasyTierWidgetExtension;
			packageProductDependencies = (
			);
			productName = ControlWidgetsExtension;
			productReference = 7A59B8192F1641100069728D /* EasyTierWidgetExtension.appex */;
			productType = "com.apple.product-type.app-extension";
		};
/* End PBXNativeTarget section */

/* Begin PBXProject section */
		051C6A032F03AB0000AF29B1 /* Project object */ = {
			isa = PBXProject;
			attributes = {
				BuildIndependentTargetsInParallel = 1;
				LastSwiftUpdateCheck = 1420;
				LastUpgradeCheck = 1420;
				TargetAttributes = {
					051C6A0A2F03AB0000AF29B1 = {
						CreatedOnToolsVersion = 14.2;
					};
					0526D8412F17D98E00968CE2 = {
						CreatedOnToolsVersion = 14.2;
					};
					0558362D2F04D26600139811 = {
						CreatedOnToolsVersion = 14.2;
					};
					7A59B8182F1641100069728D = {
						CreatedOnToolsVersion = 14.2;
					};
				};
			};
			buildConfigurationList = 051C6A062F03AB0000AF29B1 /* Build configuration list for PBXProject "EasyTier" */;
			compatibilityVersion = "Xcode 14.0";
			developmentRegion = en;
			hasScannedForEncodings = 0;
			knownRegions = (
				en,
				"zh-Hans",
				Base,
			);
			mainGroup = 051C6A022F03AB0000AF29B1;
			packageReferences = (
				05B6235A2F08098100646DDC /* XCRemoteSwiftPackageReference "TOMLKit" */,
			);
			productRefGroup = 051C6A0C2F03AB0000AF29B1 /* Products */;
			projectDirPath = "";
			projectRoot = "";
			targets = (
				051C6A0A2F03AB0000AF29B1 /* EasyTier */,
				0558362D2F04D26600139811 /* EasyTierNetworkExtension */,
				7A59B8182F1641100069728D /* EasyTierWidgetExtension */,
				0526D8412F17D98E00968CE2 /* EasyTierShared */,
			);
		};
/* End PBXProject section */

/* Begin PBXResourcesBuildPhase section */
		051C6A092F03AB0000AF29B1 /* Resources */ = {
			isa = PBXResourcesBuildPhase;
			buildActionMask = 2147483647;
			files = (
				0526D7992F1762C300968CE2 /* Localizable.strings in Resources */,
				054000372F30000000000000 /* Assets.xcassets in Resources */,
			);
			runOnlyForDeploymentPostprocessing = 0;
		};
		0558362C2F04D26600139811 /* Resources */ = {
			isa = PBXResourcesBuildPhase;
			buildActionMask = 2147483647;
			files = (
			);
			runOnlyForDeploymentPostprocessing = 0;
		};
		7A59B8172F1641100069728D /* Resources */ = {
			isa = PBXResourcesBuildPhase;
			buildActionMask = 2147483647;
			files = (
				0526D7B32F17656B00968CE2 /* Localizable.strings in Resources */,
			);
			runOnlyForDeploymentPostprocessing = 0;
		};
/* End PBXResourcesBuildPhase section */

/* Begin PBXVariantGroup section */
		DA4C01052FE1600000000000 /* Localizable.strings */ = {
			isa = PBXVariantGroup;
			children = (
				DA4C01032FE1600000000000 /* en */,
				DA4C01042FE1600000000000 /* zh-Hans */,
			);
			name = Localizable.strings;
			sourceTree = "<group>";
		};
/* End PBXVariantGroup section */

/* Begin PBXShellScriptBuildPhase section */
		05B61F3E2F04D57D00646DDC /* Build EasyTier Core */ = {
			isa = PBXShellScriptBuildPhase;
			alwaysOutOfDate = 1;
			buildActionMask = 2147483647;
			files = (
			);
			inputFileListPaths = (
			);
			inputPaths = (
			);
			name = "Build EasyTier Core";
			outputFileListPaths = (
			);
			outputPaths = (
			);
			runOnlyForDeploymentPostprocessing = 0;
			shellPath = /bin/sh;
			shellScript = ". \"$HOME/.cargo/env\"\nPATH=\"${HOME}/.local/bin:${PATH}\"\nif [ -f \"/opt/homebrew/bin/brew\" ]; then\n    eval \"$(/opt/homebrew/bin/brew shellenv)\"\nfi\n\ncd \"${PROJECT_DIR}/Core\"\n\nfor ARCH in ${ARCHS}\ndo\n    case \"${ARCH}\" in\n        \"arm64\")\n            PREFIX=\"aarch64\"\n            ;;\n        \"x86_64\")\n            PREFIX=\"x86_64\"\n            ;;\n        *)\n            echo \"Unknown arch: ${ARCHS}\"\n            exit -1\n            ;;\n    esac\n\n    case \"${PLATFORM_NAME}\" in\n        \"iphoneos\")\n            TARGET=\"$PREFIX-apple-ios\"\n            ;;\n        \"iphonesimulator\")\n            if [ \"${ARCH}\" = \"x86_64\" ]; then\n                TARGET=\"x86_64-apple-ios\"\n            else\n                TARGET=\"$PREFIX-apple-ios-sim\"\n            fi\n            ;;\n        \"macosx\")\n            TARGET=\"$PREFIX-apple-darwin\"\n            ;;\n        *)\n            echo \"Unknown platform: ${PLATFORM_NAME}\"\n            exit -1\n            ;;\n    esac\n\n    if [ \"${CONFIGURATION}\" = \"Debug\" ]; then\n        cargo build --target $TARGET\n    else\n        cargo build --target $TARGET --release\n    fi\ndone\n";
		};
/* End PBXShellScriptBuildPhase section */

/* Begin PBXSourcesBuildPhase section */
		051C6A072F03AB0000AF29B1 /* Sources */ = {
			isa = PBXSourcesBuildPhase;
			buildActionMask = 2147483647;
			files = (
				054000102F30000000000000 /* ContentView.swift in Sources */,
				054000112F30000000000000 /* EasyTierApp.swift in Sources */,
				054000122F30000000000000 /* Components/AdaptiveNavigation.swift in Sources */,
				054000132F30000000000000 /* Components/IPv4Field.swift in Sources */,
				054000142F30000000000000 /* Components/ListEditor.swift in Sources */,
				054000152F30000000000000 /* Components/ShareSheet.swift in Sources */,
				054000162F30000000000000 /* Components/StatusSheet.swift in Sources */,
				054000172F30000000000000 /* Components/TimelineLogPanel.swift in Sources */,
				054000182F30000000000000 /* Models/ConfigModels.swift in Sources */,
				054000192F30000000000000 /* Models/ProfileModels.swift in Sources */,
				0540001A2F30000000000000 /* Models/StatusModels.swift in Sources */,
				054000782F30000000000000 /* Utils/AppPaths.swift in Sources */,
				0540001B2F30000000000000 /* Utils/Compatibility.swift in Sources */,
				0540007C2F30000000000000 /* Utils/DaemonDetector.swift in Sources */,
				0540001C2F30000000000000 /* Utils/DarwinNotificationObserver.swift in Sources */,
				054000712F30000000000000 /* Utils/EasyTierOptionsBuilder.swift in Sources */,
				054000792F30000000000000 /* Utils/JailbreakIPCClient.swift in Sources */,
				054000732F30000000000000 /* Utils/JailbreakTunnelManager.swift in Sources */,
				0540001D2F30000000000000 /* Utils/LogTailer.swift in Sources */,
				0540001E2F30000000000000 /* Utils/NetworkExtensionManager.swift in Sources */,
				054000722F30000000000000 /* Utils/NetworkExtensionTunnelManagerAdapter.swift in Sources */,
				0540001F2F30000000000000 /* Utils/ProfileStore.swift in Sources */,
				054000312F30000000000000 /* Utils/TextItem.swift in Sources */,
				054000702F30000000000000 /* Utils/TunnelManager.swift in Sources */,
				054000322F30000000000000 /* Views/DashboardView.swift in Sources */,
				054000332F30000000000000 /* Views/LogView.swift in Sources */,
				054000342F30000000000000 /* Views/NetworkEditView.swift in Sources */,
				054000352F30000000000000 /* Views/SettingsView.swift in Sources */,
				054000362F30000000000000 /* Views/StatusView.swift in Sources */,
			);
			runOnlyForDeploymentPostprocessing = 0;
		};
		0526D83E2F17D98E00968CE2 /* Sources */ = {
			isa = PBXSourcesBuildPhase;
			buildActionMask = 2147483647;
			files = (
				054000382F30000000000000 /* EasyTierShared.swift in Sources */,
			);
			runOnlyForDeploymentPostprocessing = 0;
		};
		0558362A2F04D26600139811 /* Sources */ = {
			isa = PBXSourcesBuildPhase;
			buildActionMask = 2147483647;
			files = (
				054000392F30000000000000 /* AddressHelper.swift in Sources */,
				0540003A2F30000000000000 /* BuilderHelper.swift in Sources */,
				0540003B2F30000000000000 /* InfoModels.swift in Sources */,
				0540003C2F30000000000000 /* OSLogExporter.swift in Sources */,
				0540003D2F30000000000000 /* PacketTunnelProvider.swift in Sources */,
				0540003E2F30000000000000 /* TunnelHelper.swift in Sources */,
			);
			runOnlyForDeploymentPostprocessing = 0;
		};
		7A59B8152F1641100069728D /* Sources */ = {
			isa = PBXSourcesBuildPhase;
			buildActionMask = 2147483647;
			files = (
				0540003F2F30000000000000 /* ControlWidget.swift in Sources */,
				054000502F30000000000000 /* Widget.swift in Sources */,
			);
			runOnlyForDeploymentPostprocessing = 0;
		};
/* End PBXSourcesBuildPhase section */

/* Begin PBXTargetDependency section */
		0526D84D2F17E55300968CE2 /* PBXTargetDependency */ = {
			isa = PBXTargetDependency;
			target = 0526D8412F17D98E00968CE2 /* EasyTierShared */;
			targetProxy = 0526D84C2F17E55300968CE2 /* PBXContainerItemProxy */;
		};
		05CF11DC2F1A589D00E6EDF1 /* PBXTargetDependency */ = {
			isa = PBXTargetDependency;
			target = 0526D8412F17D98E00968CE2 /* EasyTierShared */;
			targetProxy = 05CF11DB2F1A589D00E6EDF1 /* PBXContainerItemProxy */;
		};
/* End PBXTargetDependency section */

/* Begin XCBuildConfiguration section */
		051C6A142F03AB0200AF29B1 /* Debug */ = {
			isa = XCBuildConfiguration;
			buildSettings = {
				ALWAYS_SEARCH_USER_PATHS = NO;
				ASSETCATALOG_COMPILER_GENERATE_SWIFT_ASSET_SYMBOL_EXTENSIONS = YES;
				CLANG_ANALYZER_NONNULL = YES;
				CLANG_ANALYZER_NUMBER_OBJECT_CONVERSION = YES_AGGRESSIVE;
				CLANG_CXX_LANGUAGE_STANDARD = "gnu++20";
				CLANG_ENABLE_MODULES = YES;
				CLANG_ENABLE_OBJC_ARC = YES;
				CLANG_ENABLE_OBJC_WEAK = YES;
				CLANG_WARN_BLOCK_CAPTURE_AUTORELEASING = YES;
				CLANG_WARN_BOOL_CONVERSION = YES;
				CLANG_WARN_COMMA = YES;
				CLANG_WARN_CONSTANT_CONVERSION = YES;
				CLANG_WARN_DEPRECATED_OBJC_IMPLEMENTATIONS = YES;
				CLANG_WARN_DIRECT_OBJC_ISA_USAGE = YES_ERROR;
				CLANG_WARN_DOCUMENTATION_COMMENTS = YES;
				CLANG_WARN_EMPTY_BODY = YES;
				CLANG_WARN_ENUM_CONVERSION = YES;
				CLANG_WARN_INFINITE_RECURSION = YES;
				CLANG_WARN_INT_CONVERSION = YES;
				CLANG_WARN_NON_LITERAL_NULL_CONVERSION = YES;
				CLANG_WARN_OBJC_IMPLICIT_RETAIN_SELF = YES;
				CLANG_WARN_OBJC_LITERAL_CONVERSION = YES;
				CLANG_WARN_OBJC_ROOT_CLASS = YES_ERROR;
				CLANG_WARN_QUOTED_INCLUDE_IN_FRAMEWORK_HEADER = YES;
				CLANG_WARN_RANGE_LOOP_ANALYSIS = YES;
				CLANG_WARN_STRICT_PROTOTYPES = YES;
				CLANG_WARN_SUSPICIOUS_MOVE = YES;
				CLANG_WARN_UNGUARDED_AVAILABILITY = YES_AGGRESSIVE;
				CLANG_WARN_UNREACHABLE_CODE = YES;
				CLANG_WARN__DUPLICATE_METHOD_MATCH = YES;
				COPY_PHASE_STRIP = NO;
				DEBUG_INFORMATION_FORMAT = dwarf;
				DEVELOPMENT_TEAM = Y8RH943F65;
				ENABLE_STRICT_OBJC_MSGSEND = YES;
				ENABLE_TESTABILITY = YES;
				ENABLE_USER_SCRIPT_SANDBOXING = YES;
				GCC_C_LANGUAGE_STANDARD = gnu17;
				GCC_DYNAMIC_NO_PIC = NO;
				GCC_NO_COMMON_BLOCKS = YES;
				GCC_OPTIMIZATION_LEVEL = 0;
				GCC_PREPROCESSOR_DEFINITIONS = (
					"DEBUG=1",
					"$(inherited)",
				);
				GCC_WARN_64_TO_32_BIT_CONVERSION = YES;
				GCC_WARN_ABOUT_RETURN_TYPE = YES_ERROR;
				GCC_WARN_UNDECLARED_SELECTOR = YES;
				GCC_WARN_UNINITIALIZED_AUTOS = YES_AGGRESSIVE;
				GCC_WARN_UNUSED_FUNCTION = YES;
				GCC_WARN_UNUSED_VARIABLE = YES;
				LOCALIZATION_PREFERS_STRING_CATALOGS = YES;
				MTL_ENABLE_DEBUG_INFO = INCLUDE_SOURCE;
				MTL_FAST_MATH = YES;
				ONLY_ACTIVE_ARCH = YES;
				SWIFT_ACTIVE_COMPILATION_CONDITIONS = "DEBUG $(inherited)";
				SWIFT_OPTIMIZATION_LEVEL = "-Onone";
			};
			name = Debug;
		};
		051C6A152F03AB0200AF29B1 /* Release */ = {
			isa = XCBuildConfiguration;
			buildSettings = {
				ALWAYS_SEARCH_USER_PATHS = NO;
				ASSETCATALOG_COMPILER_GENERATE_SWIFT_ASSET_SYMBOL_EXTENSIONS = YES;
				CLANG_ANALYZER_NONNULL = YES;
				CLANG_ANALYZER_NUMBER_OBJECT_CONVERSION = YES_AGGRESSIVE;
				CLANG_CXX_LANGUAGE_STANDARD = "gnu++20";
				CLANG_ENABLE_MODULES = YES;
				CLANG_ENABLE_OBJC_ARC = YES;
				CLANG_ENABLE_OBJC_WEAK = YES;
				CLANG_WARN_BLOCK_CAPTURE_AUTORELEASING = YES;
				CLANG_WARN_BOOL_CONVERSION = YES;
				CLANG_WARN_COMMA = YES;
				CLANG_WARN_CONSTANT_CONVERSION = YES;
				CLANG_WARN_DEPRECATED_OBJC_IMPLEMENTATIONS = YES;
				CLANG_WARN_DIRECT_OBJC_ISA_USAGE = YES_ERROR;
				CLANG_WARN_DOCUMENTATION_COMMENTS = YES;
				CLANG_WARN_EMPTY_BODY = YES;
				CLANG_WARN_ENUM_CONVERSION = YES;
				CLANG_WARN_INFINITE_RECURSION = YES;
				CLANG_WARN_INT_CONVERSION = YES;
				CLANG_WARN_NON_LITERAL_NULL_CONVERSION = YES;
				CLANG_WARN_OBJC_IMPLICIT_RETAIN_SELF = YES;
				CLANG_WARN_OBJC_LITERAL_CONVERSION = YES;
				CLANG_WARN_OBJC_ROOT_CLASS = YES_ERROR;
				CLANG_WARN_QUOTED_INCLUDE_IN_FRAMEWORK_HEADER = YES;
				CLANG_WARN_RANGE_LOOP_ANALYSIS = YES;
				CLANG_WARN_STRICT_PROTOTYPES = YES;
				CLANG_WARN_SUSPICIOUS_MOVE = YES;
				CLANG_WARN_UNGUARDED_AVAILABILITY = YES_AGGRESSIVE;
				CLANG_WARN_UNREACHABLE_CODE = YES;
				CLANG_WARN__DUPLICATE_METHOD_MATCH = YES;
				COPY_PHASE_STRIP = NO;
				DEBUG_INFORMATION_FORMAT = "dwarf-with-dsym";
				DEVELOPMENT_TEAM = Y8RH943F65;
				ENABLE_NS_ASSERTIONS = NO;
				ENABLE_STRICT_OBJC_MSGSEND = YES;
				ENABLE_USER_SCRIPT_SANDBOXING = YES;
				GCC_C_LANGUAGE_STANDARD = gnu17;
				GCC_NO_COMMON_BLOCKS = YES;
				GCC_WARN_64_TO_32_BIT_CONVERSION = YES;
				GCC_WARN_ABOUT_RETURN_TYPE = YES_ERROR;
				GCC_WARN_UNDECLARED_SELECTOR = YES;
				GCC_WARN_UNINITIALIZED_AUTOS = YES_AGGRESSIVE;
				GCC_WARN_UNUSED_FUNCTION = YES;
				GCC_WARN_UNUSED_VARIABLE = YES;
				LOCALIZATION_PREFERS_STRING_CATALOGS = YES;
				MTL_ENABLE_DEBUG_INFO = NO;
				MTL_FAST_MATH = YES;
				SWIFT_COMPILATION_MODE = wholemodule;
			};
			name = Release;
		};
		051C6A172F03AB0200AF29B1 /* Debug */ = {
			isa = XCBuildConfiguration;
			buildSettings = {
				ASSETCATALOG_COMPILER_APPICON_NAME = AppIcon;
				ASSETCATALOG_COMPILER_GLOBAL_ACCENT_COLOR_NAME = AccentColor;
				CODE_SIGN_ENTITLEMENTS = EasyTier/EasyTier.entitlements;
				CODE_SIGN_IDENTITY = "Apple Development";
				CODE_SIGN_STYLE = Automatic;
				CURRENT_PROJECT_VERSION = 44;
				DEVELOPMENT_TEAM = 9ZYGDQW6RL;
				ENABLE_APP_SANDBOX = NO;
				ENABLE_HARDENED_RUNTIME = YES;
				ENABLE_INCOMING_NETWORK_CONNECTIONS = NO;
				ENABLE_OUTGOING_NETWORK_CONNECTIONS = NO;
				ENABLE_PREVIEWS = YES;
				ENABLE_RESOURCE_ACCESS_AUDIO_INPUT = NO;
				ENABLE_RESOURCE_ACCESS_BLUETOOTH = NO;
				ENABLE_RESOURCE_ACCESS_CALENDARS = NO;
				ENABLE_RESOURCE_ACCESS_CAMERA = NO;
				ENABLE_RESOURCE_ACCESS_CONTACTS = NO;
				ENABLE_RESOURCE_ACCESS_LOCATION = NO;
				ENABLE_RESOURCE_ACCESS_PRINTING = NO;
				ENABLE_RESOURCE_ACCESS_USB = NO;
				ENABLE_USER_SCRIPT_SANDBOXING = NO;
				ENABLE_USER_SELECTED_FILES = "";
				GENERATE_INFOPLIST_FILE = YES;
				INFOPLIST_FILE = EasyTier/Info.plist;
				INFOPLIST_KEY_CFBundleDisplayName = EasyTier;
				INFOPLIST_KEY_LSApplicationCategoryType = "public.app-category.utilities";
				INFOPLIST_KEY_LSSupportsOpeningDocumentsInPlace = YES;
				INFOPLIST_KEY_NSLocalNetworkUsageDescription = "EasyTier uses this permission to peer with local devices.";
				"INFOPLIST_KEY_UIApplicationSceneManifest_Generation[sdk=iphoneos*]" = YES;
				"INFOPLIST_KEY_UIApplicationSceneManifest_Generation[sdk=iphonesimulator*]" = YES;
				"INFOPLIST_KEY_UIApplicationSupportsIndirectInputEvents[sdk=iphoneos*]" = YES;
				"INFOPLIST_KEY_UIApplicationSupportsIndirectInputEvents[sdk=iphonesimulator*]" = YES;
				"INFOPLIST_KEY_UILaunchScreen_Generation[sdk=iphoneos*]" = YES;
				"INFOPLIST_KEY_UILaunchScreen_Generation[sdk=iphonesimulator*]" = YES;
				"INFOPLIST_KEY_UIStatusBarStyle[sdk=iphoneos*]" = UIStatusBarStyleDefault;
				"INFOPLIST_KEY_UIStatusBarStyle[sdk=iphonesimulator*]" = UIStatusBarStyleDefault;
				INFOPLIST_KEY_UISupportedInterfaceOrientations = UIInterfaceOrientationPortrait;
				INFOPLIST_KEY_UISupportedInterfaceOrientations_iPad = "UIInterfaceOrientationLandscapeLeft UIInterfaceOrientationLandscapeRight UIInterfaceOrientationPortrait UIInterfaceOrientationPortraitUpsideDown";
				IPHONEOS_DEPLOYMENT_TARGET = 15.0;
				LD_RUNPATH_SEARCH_PATHS = "@executable_path/Frameworks";
				"LD_RUNPATH_SEARCH_PATHS[sdk=macosx*]" = "@executable_path/../Frameworks";
				MACOSX_DEPLOYMENT_TARGET = 13.0;
				MARKETING_VERSION = 1.0;
				PRODUCT_BUNDLE_IDENTIFIER = com.zeroninex.easytier;
				PRODUCT_NAME = "$(TARGET_NAME)";
				PROVISIONING_PROFILE_SPECIFIER = "";
				REGISTER_APP_GROUPS = YES;
				SDKROOT = auto;
				STRING_CATALOG_GENERATE_SYMBOLS = YES;
				SUPPORTED_PLATFORMS = "iphoneos iphonesimulator macosx";
				SUPPORTS_MACCATALYST = NO;
				SUPPORTS_MAC_DESIGNED_FOR_IPHONE_IPAD = NO;
				SUPPORTS_XR_DESIGNED_FOR_IPHONE_IPAD = NO;
				SWIFT_APPROACHABLE_CONCURRENCY = YES;
				SWIFT_DEFAULT_ACTOR_ISOLATION = MainActor;
				SWIFT_EMIT_LOC_STRINGS = YES;
				SWIFT_UPCOMING_FEATURE_MEMBER_IMPORT_VISIBILITY = YES;
				SWIFT_VERSION = 5.0;
				TARGETED_DEVICE_FAMILY = "1,2";
			};
			name = Debug;
		};
		051C6A182F03AB0200AF29B1 /* Release */ = {
			isa = XCBuildConfiguration;
			buildSettings = {
				ASSETCATALOG_COMPILER_APPICON_NAME = AppIcon;
				ASSETCATALOG_COMPILER_GLOBAL_ACCENT_COLOR_NAME = AccentColor;
				CODE_SIGN_ENTITLEMENTS = EasyTier/EasyTierRelease.entitlements;
				CODE_SIGN_IDENTITY = "Apple Development";
				CODE_SIGN_STYLE = Automatic;
				CURRENT_PROJECT_VERSION = 44;
				DEVELOPMENT_TEAM = 9ZYGDQW6RL;
				ENABLE_APP_SANDBOX = NO;
				ENABLE_HARDENED_RUNTIME = YES;
				ENABLE_INCOMING_NETWORK_CONNECTIONS = NO;
				ENABLE_OUTGOING_NETWORK_CONNECTIONS = NO;
				ENABLE_PREVIEWS = YES;
				ENABLE_RESOURCE_ACCESS_AUDIO_INPUT = NO;
				ENABLE_RESOURCE_ACCESS_BLUETOOTH = NO;
				ENABLE_RESOURCE_ACCESS_CALENDARS = NO;
				ENABLE_RESOURCE_ACCESS_CAMERA = NO;
				ENABLE_RESOURCE_ACCESS_CONTACTS = NO;
				ENABLE_RESOURCE_ACCESS_LOCATION = NO;
				ENABLE_RESOURCE_ACCESS_PRINTING = NO;
				ENABLE_RESOURCE_ACCESS_USB = NO;
				ENABLE_USER_SCRIPT_SANDBOXING = NO;
				ENABLE_USER_SELECTED_FILES = "";
				GENERATE_INFOPLIST_FILE = YES;
				INFOPLIST_FILE = EasyTier/Info.plist;
				INFOPLIST_KEY_CFBundleDisplayName = EasyTier;
				INFOPLIST_KEY_LSApplicationCategoryType = "public.app-category.utilities";
				INFOPLIST_KEY_LSSupportsOpeningDocumentsInPlace = YES;
				INFOPLIST_KEY_NSLocalNetworkUsageDescription = "EasyTier uses this permission to peer with local devices.";
				"INFOPLIST_KEY_UIApplicationSceneManifest_Generation[sdk=iphoneos*]" = YES;
				"INFOPLIST_KEY_UIApplicationSceneManifest_Generation[sdk=iphonesimulator*]" = YES;
				"INFOPLIST_KEY_UIApplicationSupportsIndirectInputEvents[sdk=iphoneos*]" = YES;
				"INFOPLIST_KEY_UIApplicationSupportsIndirectInputEvents[sdk=iphonesimulator*]" = YES;
				"INFOPLIST_KEY_UILaunchScreen_Generation[sdk=iphoneos*]" = YES;
				"INFOPLIST_KEY_UILaunchScreen_Generation[sdk=iphonesimulator*]" = YES;
				"INFOPLIST_KEY_UIStatusBarStyle[sdk=iphoneos*]" = UIStatusBarStyleDefault;
				"INFOPLIST_KEY_UIStatusBarStyle[sdk=iphonesimulator*]" = UIStatusBarStyleDefault;
				INFOPLIST_KEY_UISupportedInterfaceOrientations = UIInterfaceOrientationPortrait;
				INFOPLIST_KEY_UISupportedInterfaceOrientations_iPad = "UIInterfaceOrientationLandscapeLeft UIInterfaceOrientationLandscapeRight UIInterfaceOrientationPortrait UIInterfaceOrientationPortraitUpsideDown";
				IPHONEOS_DEPLOYMENT_TARGET = 15.0;
				LD_RUNPATH_SEARCH_PATHS = "@executable_path/Frameworks";
				"LD_RUNPATH_SEARCH_PATHS[sdk=macosx*]" = "@executable_path/../Frameworks";
				MACOSX_DEPLOYMENT_TARGET = 13.0;
				MARKETING_VERSION = 1.0;
				PRODUCT_BUNDLE_IDENTIFIER = com.zeroninex.easytier;
				PRODUCT_NAME = "$(TARGET_NAME)";
				PROVISIONING_PROFILE_SPECIFIER = "";
				REGISTER_APP_GROUPS = YES;
				SDKROOT = auto;
				STRING_CATALOG_GENERATE_SYMBOLS = YES;
				SUPPORTED_PLATFORMS = "iphoneos iphonesimulator macosx";
				SUPPORTS_MACCATALYST = NO;
				SUPPORTS_MAC_DESIGNED_FOR_IPHONE_IPAD = NO;
				SUPPORTS_XR_DESIGNED_FOR_IPHONE_IPAD = NO;
				SWIFT_APPROACHABLE_CONCURRENCY = YES;
				SWIFT_DEFAULT_ACTOR_ISOLATION = MainActor;
				SWIFT_EMIT_LOC_STRINGS = YES;
				SWIFT_UPCOMING_FEATURE_MEMBER_IMPORT_VISIBILITY = YES;
				SWIFT_VERSION = 5.0;
				TARGETED_DEVICE_FAMILY = "1,2";
			};
			name = Release;
		};
		0526D8472F17D98E00968CE2 /* Debug */ = {
			isa = XCBuildConfiguration;
			buildSettings = {
				CODE_SIGN_STYLE = Automatic;
				DEVELOPMENT_TEAM = Y8RH943F65;
				ENABLE_APP_SANDBOX = NO;
				ENABLE_HARDENED_RUNTIME = YES;
				ENABLE_OUTGOING_NETWORK_CONNECTIONS = NO;
				IPHONEOS_DEPLOYMENT_TARGET = 15.0;
				MACOSX_DEPLOYMENT_TARGET = 13.0;
				OTHER_LDFLAGS = "-ObjC";
				PRODUCT_NAME = "$(TARGET_NAME)";
				REGISTER_APP_GROUPS = YES;
				SDKROOT = iphoneos;
				SKIP_INSTALL = YES;
				SUPPORTED_PLATFORMS = "iphoneos iphonesimulator macosx";
				SUPPORTS_MACCATALYST = NO;
				SUPPORTS_MAC_DESIGNED_FOR_IPHONE_IPAD = NO;
				SUPPORTS_XR_DESIGNED_FOR_IPHONE_IPAD = NO;
				SWIFT_APPROACHABLE_CONCURRENCY = YES;
				SWIFT_UPCOMING_FEATURE_MEMBER_IMPORT_VISIBILITY = YES;
				SWIFT_VERSION = 5.0;
				TARGETED_DEVICE_FAMILY = "1,2";
			};
			name = Debug;
		};
		0526D8482F17D98E00968CE2 /* Release */ = {
			isa = XCBuildConfiguration;
			buildSettings = {
				CODE_SIGN_STYLE = Automatic;
				DEVELOPMENT_TEAM = Y8RH943F65;
				IPHONEOS_DEPLOYMENT_TARGET = 15.0;
				MACOSX_DEPLOYMENT_TARGET = 13.0;
				OTHER_LDFLAGS = "-ObjC";
				PRODUCT_NAME = "$(TARGET_NAME)";
				SDKROOT = iphoneos;
				SKIP_INSTALL = YES;
				SUPPORTED_PLATFORMS = "iphoneos iphonesimulator macosx";
				SUPPORTS_MACCATALYST = NO;
				SUPPORTS_MAC_DESIGNED_FOR_IPHONE_IPAD = NO;
				SUPPORTS_XR_DESIGNED_FOR_IPHONE_IPAD = NO;
				SWIFT_APPROACHABLE_CONCURRENCY = YES;
				SWIFT_UPCOMING_FEATURE_MEMBER_IMPORT_VISIBILITY = YES;
				SWIFT_VERSION = 5.0;
				TARGETED_DEVICE_FAMILY = "1,2";
				VALIDATE_PRODUCT = YES;
			};
			name = Release;
		};
		0558363C2F04D26700139811 /* Debug */ = {
			isa = XCBuildConfiguration;
			buildSettings = {
				CODE_SIGN_ENTITLEMENTS = EasyTierNetworkExtension/EasyTierNetworkExtension.entitlements;
				CODE_SIGN_IDENTITY = "Apple Development";
				CODE_SIGN_STYLE = Automatic;
				CURRENT_PROJECT_VERSION = 44;
				DEVELOPMENT_TEAM = 9ZYGDQW6RL;
				ENABLE_APP_SANDBOX = NO;
				ENABLE_HARDENED_RUNTIME = YES;
				ENABLE_INCOMING_NETWORK_CONNECTIONS = NO;
				ENABLE_OUTGOING_NETWORK_CONNECTIONS = NO;
				ENABLE_RESOURCE_ACCESS_AUDIO_INPUT = NO;
				ENABLE_RESOURCE_ACCESS_BLUETOOTH = NO;
				ENABLE_RESOURCE_ACCESS_CALENDARS = NO;
				ENABLE_RESOURCE_ACCESS_CAMERA = NO;
				ENABLE_RESOURCE_ACCESS_CONTACTS = NO;
				ENABLE_RESOURCE_ACCESS_LOCATION = NO;
				ENABLE_RESOURCE_ACCESS_PRINTING = NO;
				ENABLE_RESOURCE_ACCESS_USB = NO;
				ENABLE_USER_SCRIPT_SANDBOXING = NO;
				GENERATE_INFOPLIST_FILE = YES;
				HEADER_SEARCH_PATHS = "$(PROJECT_DIR)/EasyTierNetworkExtension";
				INFOPLIST_FILE = EasyTierNetworkExtension/Info.plist;
				INFOPLIST_KEY_CFBundleDisplayName = EasyTierNetworkExtension;
				INFOPLIST_KEY_NSHumanReadableCopyright = "";
				IPHONEOS_DEPLOYMENT_TARGET = 15.0;
				LD_RUNPATH_SEARCH_PATHS = (
					"$(inherited)",
					"@executable_path/Frameworks",
					"@executable_path/../../Frameworks",
				);
				"LIBRARY_SEARCH_PATHS[sdk=iphoneos*][arch=arm64]" = (
					"$(inherited)",
					"${PROJECT_DIR}/Core/target/aarch64-apple-ios/debug",
				);
				"LIBRARY_SEARCH_PATHS[sdk=iphoneos*][arch=x86_64]" = (
					"$(inherited)",
					"${PROJECT_DIR}/Core/target/x86_64-apple-ios/debug",
				);
				"LIBRARY_SEARCH_PATHS[sdk=iphonesimulator*][arch=arm64]" = (
					"$(inherited)",
					"${PROJECT_DIR}/Core/target/aarch64-apple-ios-sim/debug",
				);
				"LIBRARY_SEARCH_PATHS[sdk=iphonesimulator*][arch=x86_64]" = (
					"$(inherited)",
					"${PROJECT_DIR}/Core/target/x86_64-apple-ios/debug",
				);
				"LIBRARY_SEARCH_PATHS[sdk=macosx*][arch=arm64]" = (
					"$(inherited)",
					"${PROJECT_DIR}/Core/target/aarch64-apple-darwin/debug",
				);
				"LIBRARY_SEARCH_PATHS[sdk=macosx*][arch=x86_64]" = (
					"$(inherited)",
					"${PROJECT_DIR}/Core/target/x86_64-apple-darwin/debug",
				);
				MACOSX_DEPLOYMENT_TARGET = 13.0;
				MARKETING_VERSION = 1.0;
				PRODUCT_BUNDLE_IDENTIFIER = com.zeroninex.easytier.tunnel;
				PRODUCT_NAME = "$(TARGET_NAME)";
				PROVISIONING_PROFILE_SPECIFIER = "";
				REGISTER_APP_GROUPS = YES;
				SDKROOT = iphoneos;
				SKIP_INSTALL = YES;
				STRING_CATALOG_GENERATE_SYMBOLS = YES;
				SUPPORTED_PLATFORMS = "iphoneos iphonesimulator macosx";
				SUPPORTS_MACCATALYST = NO;
				SUPPORTS_MAC_DESIGNED_FOR_IPHONE_IPAD = NO;
				SUPPORTS_XR_DESIGNED_FOR_IPHONE_IPAD = NO;
				SWIFT_APPROACHABLE_CONCURRENCY = YES;
				SWIFT_EMIT_LOC_STRINGS = YES;
				SWIFT_OBJC_BRIDGING_HEADER = "${PROJECT_DIR}/$(SWIFT_MODULE_NAME)/$(SWIFT_MODULE_NAME)-Bridging-Header.h";
				SWIFT_UPCOMING_FEATURE_MEMBER_IMPORT_VISIBILITY = YES;
				SWIFT_VERSION = 5.0;
				TARGETED_DEVICE_FAMILY = "1,2";
			};
			name = Debug;
		};
		0558363D2F04D26700139811 /* Release */ = {
			isa = XCBuildConfiguration;
			buildSettings = {
				CODE_SIGN_ENTITLEMENTS = EasyTierNetworkExtension/EasyTierNetworkExtensionRelease.entitlements;
				CODE_SIGN_IDENTITY = "Apple Development";
				CODE_SIGN_STYLE = Automatic;
				CURRENT_PROJECT_VERSION = 44;
				DEVELOPMENT_TEAM = 9ZYGDQW6RL;
				ENABLE_APP_SANDBOX = NO;
				ENABLE_HARDENED_RUNTIME = YES;
				ENABLE_INCOMING_NETWORK_CONNECTIONS = NO;
				ENABLE_OUTGOING_NETWORK_CONNECTIONS = NO;
				ENABLE_RESOURCE_ACCESS_AUDIO_INPUT = NO;
				ENABLE_RESOURCE_ACCESS_BLUETOOTH = NO;
				ENABLE_RESOURCE_ACCESS_CALENDARS = NO;
				ENABLE_RESOURCE_ACCESS_CAMERA = NO;
				ENABLE_RESOURCE_ACCESS_CONTACTS = NO;
				ENABLE_RESOURCE_ACCESS_LOCATION = NO;
				ENABLE_RESOURCE_ACCESS_PRINTING = NO;
				ENABLE_RESOURCE_ACCESS_USB = NO;
				ENABLE_USER_SCRIPT_SANDBOXING = NO;
				GENERATE_INFOPLIST_FILE = YES;
				HEADER_SEARCH_PATHS = "$(PROJECT_DIR)/EasyTierNetworkExtension";
				INFOPLIST_FILE = EasyTierNetworkExtension/Info.plist;
				INFOPLIST_KEY_CFBundleDisplayName = EasyTierNetworkExtension;
				INFOPLIST_KEY_NSHumanReadableCopyright = "";
				IPHONEOS_DEPLOYMENT_TARGET = 15.0;
				LD_RUNPATH_SEARCH_PATHS = (
					"$(inherited)",
					"@executable_path/Frameworks",
					"@executable_path/../../Frameworks",
				);
				"LIBRARY_SEARCH_PATHS[sdk=iphoneos*][arch=arm64]" = (
					"$(inherited)",
					"${PROJECT_DIR}/Core/target/aarch64-apple-ios/release",
				);
				"LIBRARY_SEARCH_PATHS[sdk=iphoneos*][arch=x86_64]" = (
					"$(inherited)",
					"${PROJECT_DIR}/Core/target/x86_64-apple-ios/release",
				);
				"LIBRARY_SEARCH_PATHS[sdk=iphonesimulator*][arch=arm64]" = (
					"$(inherited)",
					"${PROJECT_DIR}/Core/target/aarch64-apple-ios-sim/release",
				);
				"LIBRARY_SEARCH_PATHS[sdk=iphonesimulator*][arch=x86_64]" = (
					"$(inherited)",
					"${PROJECT_DIR}/Core/target/x86_64-apple-ios/release",
				);
				"LIBRARY_SEARCH_PATHS[sdk=macosx*][arch=arm64]" = (
					"$(inherited)",
					"${PROJECT_DIR}/Core/target/aarch64-apple-darwin/release",
				);
				"LIBRARY_SEARCH_PATHS[sdk=macosx*][arch=x86_64]" = (
					"$(inherited)",
					"${PROJECT_DIR}/Core/target/x86_64-apple-darwin/release",
				);
				MACOSX_DEPLOYMENT_TARGET = 13.0;
				MARKETING_VERSION = 1.0;
				PRODUCT_BUNDLE_IDENTIFIER = com.zeroninex.easytier.tunnel;
				"PRODUCT_BUNDLE_IDENTIFIER[sdk=macosx*]" = com.zeroninex.easytier;
				PRODUCT_NAME = "$(TARGET_NAME)";
				PROVISIONING_PROFILE_SPECIFIER = "";
				REGISTER_APP_GROUPS = YES;
				SDKROOT = iphoneos;
				SKIP_INSTALL = YES;
				STRING_CATALOG_GENERATE_SYMBOLS = YES;
				SUPPORTED_PLATFORMS = "iphoneos iphonesimulator macosx";
				SUPPORTS_MACCATALYST = NO;
				SUPPORTS_MAC_DESIGNED_FOR_IPHONE_IPAD = NO;
				SUPPORTS_XR_DESIGNED_FOR_IPHONE_IPAD = NO;
				SWIFT_APPROACHABLE_CONCURRENCY = YES;
				SWIFT_EMIT_LOC_STRINGS = YES;
				SWIFT_OBJC_BRIDGING_HEADER = "${PROJECT_DIR}/$(SWIFT_MODULE_NAME)/$(SWIFT_MODULE_NAME)-Bridging-Header.h";
				SWIFT_UPCOMING_FEATURE_MEMBER_IMPORT_VISIBILITY = YES;
				SWIFT_VERSION = 5.0;
				TARGETED_DEVICE_FAMILY = "1,2";
				VALIDATE_PRODUCT = YES;
			};
			name = Release;
		};
		7A59B82F2F1641110069728D /* Debug */ = {
			isa = XCBuildConfiguration;
			buildSettings = {
				ASSETCATALOG_COMPILER_GLOBAL_ACCENT_COLOR_NAME = AccentColor;
				ASSETCATALOG_COMPILER_WIDGET_BACKGROUND_COLOR_NAME = WidgetBackground;
				CODE_SIGN_ENTITLEMENTS = EasyTierWidgetExtension/EasyTierWidgetExtension.entitlements;
				CODE_SIGN_IDENTITY = "Apple Development";
				CODE_SIGN_STYLE = Automatic;
				CURRENT_PROJECT_VERSION = 44;
				DEVELOPMENT_TEAM = 9ZYGDQW6RL;
				ENABLE_APP_SANDBOX = NO;
				ENABLE_HARDENED_RUNTIME = YES;
				ENABLE_INCOMING_NETWORK_CONNECTIONS = NO;
				ENABLE_OUTGOING_NETWORK_CONNECTIONS = NO;
				ENABLE_RESOURCE_ACCESS_AUDIO_INPUT = NO;
				ENABLE_RESOURCE_ACCESS_BLUETOOTH = NO;
				ENABLE_RESOURCE_ACCESS_CALENDARS = NO;
				ENABLE_RESOURCE_ACCESS_CAMERA = NO;
				ENABLE_RESOURCE_ACCESS_CONTACTS = NO;
				ENABLE_RESOURCE_ACCESS_LOCATION = NO;
				ENABLE_RESOURCE_ACCESS_PRINTING = NO;
				ENABLE_RESOURCE_ACCESS_USB = NO;
				GENERATE_INFOPLIST_FILE = YES;
				INFOPLIST_FILE = EasyTierWidgetExtension/Info.plist;
				INFOPLIST_KEY_CFBundleDisplayName = EasyTierWidgetExtension;
				INFOPLIST_KEY_NSHumanReadableCopyright = "";
				IPHONEOS_DEPLOYMENT_TARGET = 15.0;
				LD_RUNPATH_SEARCH_PATHS = (
					"$(inherited)",
					"@executable_path/Frameworks",
					"@executable_path/../../Frameworks",
				);
				MACOSX_DEPLOYMENT_TARGET = 13.0;
				MARKETING_VERSION = 1.0;
				PRODUCT_BUNDLE_IDENTIFIER = com.zeroninex.easytier.widgets;
				PRODUCT_NAME = "$(TARGET_NAME)";
				PROVISIONING_PROFILE_SPECIFIER = "";
				REGISTER_APP_GROUPS = YES;
				SDKROOT = iphoneos;
				SKIP_INSTALL = YES;
				STRING_CATALOG_GENERATE_SYMBOLS = YES;
				SUPPORTED_PLATFORMS = "iphoneos iphonesimulator macosx";
				SUPPORTS_MACCATALYST = NO;
				SUPPORTS_MAC_DESIGNED_FOR_IPHONE_IPAD = NO;
				SUPPORTS_XR_DESIGNED_FOR_IPHONE_IPAD = NO;
				SWIFT_APPROACHABLE_CONCURRENCY = YES;
				SWIFT_EMIT_LOC_STRINGS = YES;
				SWIFT_UPCOMING_FEATURE_MEMBER_IMPORT_VISIBILITY = YES;
				SWIFT_VERSION = 5.0;
				TARGETED_DEVICE_FAMILY = "1,2";
			};
			name = Debug;
		};
		7A59B8302F1641110069728D /* Release */ = {
			isa = XCBuildConfiguration;
			buildSettings = {
				ASSETCATALOG_COMPILER_GLOBAL_ACCENT_COLOR_NAME = AccentColor;
				ASSETCATALOG_COMPILER_WIDGET_BACKGROUND_COLOR_NAME = WidgetBackground;
				CODE_SIGN_ENTITLEMENTS = EasyTierWidgetExtension/EasyTierWidgetExtensionRelease.entitlements;
				CODE_SIGN_IDENTITY = "Apple Development";
				CODE_SIGN_STYLE = Automatic;
				CURRENT_PROJECT_VERSION = 44;
				DEVELOPMENT_TEAM = 9ZYGDQW6RL;
				ENABLE_APP_SANDBOX = NO;
				ENABLE_HARDENED_RUNTIME = YES;
				ENABLE_INCOMING_NETWORK_CONNECTIONS = NO;
				ENABLE_OUTGOING_NETWORK_CONNECTIONS = NO;
				ENABLE_RESOURCE_ACCESS_AUDIO_INPUT = NO;
				ENABLE_RESOURCE_ACCESS_BLUETOOTH = NO;
				ENABLE_RESOURCE_ACCESS_CALENDARS = NO;
				ENABLE_RESOURCE_ACCESS_CAMERA = NO;
				ENABLE_RESOURCE_ACCESS_CONTACTS = NO;
				ENABLE_RESOURCE_ACCESS_LOCATION = NO;
				ENABLE_RESOURCE_ACCESS_PRINTING = NO;
				ENABLE_RESOURCE_ACCESS_USB = NO;
				GENERATE_INFOPLIST_FILE = YES;
				INFOPLIST_FILE = EasyTierWidgetExtension/Info.plist;
				INFOPLIST_KEY_CFBundleDisplayName = EasyTierWidgetExtension;
				INFOPLIST_KEY_NSHumanReadableCopyright = "";
				IPHONEOS_DEPLOYMENT_TARGET = 15.0;
				LD_RUNPATH_SEARCH_PATHS = (
					"$(inherited)",
					"@executable_path/Frameworks",
					"@executable_path/../../Frameworks",
				);
				MACOSX_DEPLOYMENT_TARGET = 13.0;
				MARKETING_VERSION = 1.0;
				PRODUCT_BUNDLE_IDENTIFIER = com.zeroninex.easytier.widgets;
				PRODUCT_NAME = "$(TARGET_NAME)";
				PROVISIONING_PROFILE_SPECIFIER = "";
				REGISTER_APP_GROUPS = YES;
				SDKROOT = iphoneos;
				SKIP_INSTALL = YES;
				STRING_CATALOG_GENERATE_SYMBOLS = YES;
				SUPPORTED_PLATFORMS = "iphoneos iphonesimulator macosx";
				SUPPORTS_MACCATALYST = NO;
				SUPPORTS_MAC_DESIGNED_FOR_IPHONE_IPAD = NO;
				SUPPORTS_XR_DESIGNED_FOR_IPHONE_IPAD = NO;
				SWIFT_APPROACHABLE_CONCURRENCY = YES;
				SWIFT_EMIT_LOC_STRINGS = YES;
				SWIFT_UPCOMING_FEATURE_MEMBER_IMPORT_VISIBILITY = YES;
				SWIFT_VERSION = 5.0;
				TARGETED_DEVICE_FAMILY = "1,2";
				VALIDATE_PRODUCT = YES;
			};
			name = Release;
		};
/* End XCBuildConfiguration section */

/* Begin XCConfigurationList section */
		051C6A062F03AB0000AF29B1 /* Build configuration list for PBXProject "EasyTier" */ = {
			isa = XCConfigurationList;
			buildConfigurations = (
				051C6A142F03AB0200AF29B1 /* Debug */,
				051C6A152F03AB0200AF29B1 /* Release */,
			);
			defaultConfigurationIsVisible = 0;
			defaultConfigurationName = Release;
		};
		051C6A162F03AB0200AF29B1 /* Build configuration list for PBXNativeTarget "EasyTier" */ = {
			isa = XCConfigurationList;
			buildConfigurations = (
				051C6A172F03AB0200AF29B1 /* Debug */,
				051C6A182F03AB0200AF29B1 /* Release */,
			);
			defaultConfigurationIsVisible = 0;
			defaultConfigurationName = Release;
		};
		0526D8462F17D98E00968CE2 /* Build configuration list for PBXNativeTarget "EasyTierShared" */ = {
			isa = XCConfigurationList;
			buildConfigurations = (
				0526D8472F17D98E00968CE2 /* Debug */,
				0526D8482F17D98E00968CE2 /* Release */,
			);
			defaultConfigurationIsVisible = 0;
			defaultConfigurationName = Release;
		};
		0558363B2F04D26700139811 /* Build configuration list for PBXNativeTarget "EasyTierNetworkExtension" */ = {
			isa = XCConfigurationList;
			buildConfigurations = (
				0558363C2F04D26700139811 /* Debug */,
				0558363D2F04D26700139811 /* Release */,
			);
			defaultConfigurationIsVisible = 0;
			defaultConfigurationName = Release;
		};
		7A59B8312F1641110069728D /* Build configuration list for PBXNativeTarget "EasyTierWidgetExtension" */ = {
			isa = XCConfigurationList;
			buildConfigurations = (
				7A59B82F2F1641110069728D /* Debug */,
				7A59B8302F1641110069728D /* Release */,
			);
			defaultConfigurationIsVisible = 0;
			defaultConfigurationName = Release;
		};
/* End XCConfigurationList section */

/* Begin XCRemoteSwiftPackageReference section */
		05B6235A2F08098100646DDC /* XCRemoteSwiftPackageReference "TOMLKit" */ = {
			isa = XCRemoteSwiftPackageReference;
			repositoryURL = "https://github.com/LebJe/TOMLKit.git";
			requirement = {
				kind = upToNextMajorVersion;
				minimumVersion = 0.6.0;
			};
		};
/* End XCRemoteSwiftPackageReference section */

/* Begin XCSwiftPackageProductDependency section */
		05B6235B2F08098100646DDC /* TOMLKit */ = {
			isa = XCSwiftPackageProductDependency;
			package = 05B6235A2F08098100646DDC /* XCRemoteSwiftPackageReference "TOMLKit" */;
			productName = TOMLKit;
		};
/* End XCSwiftPackageProductDependency section */
	};
	rootObject = 051C6A032F03AB0000AF29B1 /* Project object */;
}
